{
  "originHash" : "ac14003b8810e50867f73e77b5d256daff86ea1790d5821dcd92b8959bcf1eda",
  "pins" : [
    {
      "identity" : "thumbmark-swift",
      "kind" : "remoteSourceControl",
      "location" : "https://github.com/thumbmarkjs/thumbmark-swift",
      "state" : {
        "revision" : "fec1a04b743c49d7dea8251f27d758859ff49569",
        "version" : "0.1.0"
      }
    }
  ],
  "version" : 3
}
