{
  "originHash" : "ac14003b8810e50867f73e77b5d256daff86ea1790d5821dcd92b8959bcf1eda",
  "pins" : [
    {
      "identity" : "keychainaccess",
      "kind" : "remoteSourceControl",
      "location" : "https://github.com/kishikawakatsumi/KeychainAccess",
      "state" : {
        "revision" : "e0c7eebc5a4465a3c4680764f26b7a61f567cdaf"
      }
    },
    {
      "identity" : "thumbmark-swift",
      "kind" : "remoteSourceControl",
      "location" : "https://github.com/thumbmarkjs/thumbmark-swift",
      "state" : {
        "revision" : "c598fed57ebf94a21fd680d62a16f20d4600af99"
      }
    }
  ],
  "version" : 3
}
